
Microsoft Visual Studio Solution File, Format Version 12.00
# Visual Studio Version 17
VisualStudioVersion = 17.11.35222.181
MinimumVisualStudioVersion = 15.0.0.0
Project("{9A19103F-16F7-4668-BE54-9A1E7A4F7556}") = "LocalDeploy", "LocalDeploy\LocalDeploy.csproj", "{CAA5AE48-8942-4D25-A1D1-A4DA68986FB2}"
EndProject
Global
	GlobalSection(SolutionConfigurationPlatforms) = preSolution
		Debug|Any CPU = Debug|Any CPU
		Debug|x64 = Debug|x64
		Release|Any CPU = Release|Any CPU
		Release|x64 = Release|x64
	EndGlobalSection
	GlobalSection(ProjectConfigurationPlatforms) = postSolution
		{CAA5AE48-8942-4D25-A1D1-A4DA68986FB2}.Debug|Any CPU.ActiveCfg = Debug|Any CPU
		{CAA5AE48-8942-4D25-A1D1-A4DA68986FB2}.Debug|Any CPU.Build.0 = Debug|Any CPU
		{CAA5AE48-8942-4D25-A1D1-A4DA68986FB2}.Debug|x64.ActiveCfg = Debug|Any CPU
		{CAA5AE48-8942-4D25-A1D1-A4DA68986FB2}.Debug|x64.Build.0 = Debug|Any CPU
		{CAA5AE48-8942-4D25-A1D1-A4DA68986FB2}.Release|Any CPU.ActiveCfg = Release|Any CPU
		{CAA5AE48-8942-4D25-A1D1-A4DA68986FB2}.Release|Any CPU.Build.0 = Release|Any CPU
		{CAA5AE48-8942-4D25-A1D1-A4DA68986FB2}.Release|x64.ActiveCfg = Release|Any CPU
		{CAA5AE48-8942-4D25-A1D1-A4DA68986FB2}.Release|x64.Build.0 = Release|Any CPU
	EndGlobalSection
	GlobalSection(SolutionProperties) = preSolution
		HideSolutionNode = FALSE
	EndGlobalSection
	GlobalSection(ExtensibilityGlobals) = postSolution
		SolutionGuid = {A247E2DD-C3C7-43C7-9D60-E8740ADB4C9B}
	EndGlobalSection
EndGlobal
